// !$*UTF8*$!
{
	archiveVersion = 1;
	classes = {
	};
	objectVersion = 56;
	objects = {

/* Begin PBXBuildFile section */
		D2374F6B2A62DE2A00641FBE /* UIColor+Util.swift in Sources */ = {isa = PBXBuildFile; fileRef = D2374F6A2A62DE2A00641FBE /* UIColor+Util.swift */; };
		D2374F6E2A62DE6C00641FBE /* UIColorHexSwift in Frameworks */ = {isa = PBXBuildFile; productRef = D2374F6D2A62DE6C00641FBE /* UIColorHexSwift */; };
		D23826442A5ECB1C0021F142 /* HomeViewController+PokemonList.swift in Sources */ = {isa = PBXBuildFile; fileRef = D23826432A5ECB1C0021F142 /* HomeViewController+PokemonList.swift */; };
		D23826462A5ECD410021F142 /* HomeViewController+PokemonCell.swift in Sources */ = {isa = PBXBuildFile; fileRef = D23826452A5ECD410021F142 /* HomeViewController+PokemonCell.swift */; };
		D23826492A5ECF080021F142 /* PokemonView.swift in Sources */ = {isa = PBXBuildFile; fileRef = D23826482A5ECF080021F142 /* PokemonView.swift */; };
		D25CFF792A5C4DF9003DDB39 /* RootViewController.swift in Sources */ = {isa = PBXBuildFile; fileRef = D25CFF782A5C4DF9003DDB39 /* RootViewController.swift */; };
		D25CFF7C2A5C4FEE003DDB39 /* HomeViewController.swift in Sources */ = {isa = PBXBuildFile; fileRef = D25CFF7B2A5C4FEE003DDB39 /* HomeViewController.swift */; };
		D26F113C2A6262DF003A1226 /* Nuke in Frameworks */ = {isa = PBXBuildFile; productRef = D26F113B2A6262DF003A1226 /* Nuke */; };
		D26F113E2A627750003A1226 /* PokemonDetailEntity.swift in Sources */ = {isa = PBXBuildFile; fileRef = D26F113D2A62774F003A1226 /* PokemonDetailEntity.swift */; };
		D26F11402A627787003A1226 /* SpritesEntity.swift in Sources */ = {isa = PBXBuildFile; fileRef = D26F113F2A627787003A1226 /* SpritesEntity.swift */; };
		D26F11422A6277F3003A1226 /* OtherEntity.swift in Sources */ = {isa = PBXBuildFile; fileRef = D26F11412A6277F3003A1226 /* OtherEntity.swift */; };
		D26F11442A627815003A1226 /* OfficialArtworkEntity.swift in Sources */ = {isa = PBXBuildFile; fileRef = D26F11432A627815003A1226 /* OfficialArtworkEntity.swift */; };
		D26F11472A627C24003A1226 /* String+Util.swift in Sources */ = {isa = PBXBuildFile; fileRef = D26F11462A627C24003A1226 /* String+Util.swift */; };
		D2D082BD2A63B74600811D27 /* Constant.swift in Sources */ = {isa = PBXBuildFile; fileRef = D2D082BC2A63B74600811D27 /* Constant.swift */; };
		D2D082C12A63BABF00811D27 /* DetailViewController.swift in Sources */ = {isa = PBXBuildFile; fileRef = D2D082C02A63BABF00811D27 /* DetailViewController.swift */; };
		D2D75AB02A5D93EB00E3BD2B /* PokemonModel.swift in Sources */ = {isa = PBXBuildFile; fileRef = D2D75AAF2A5D93EB00E3BD2B /* PokemonModel.swift */; };
		D2D75AB32A5D949C00E3BD2B /* PokemonEntity.swift in Sources */ = {isa = PBXBuildFile; fileRef = D2D75AB22A5D949C00E3BD2B /* PokemonEntity.swift */; };
		D2D75AB52A5D94C500E3BD2B /* PokemonRepository.swift in Sources */ = {isa = PBXBuildFile; fileRef = D2D75AB42A5D94C500E3BD2B /* PokemonRepository.swift */; };
		D2D75AB82A5D95B300E3BD2B /* PokemonApi.swift in Sources */ = {isa = PBXBuildFile; fileRef = D2D75AB72A5D95B300E3BD2B /* PokemonApi.swift */; };
		D2D75ABA2A5D970E00E3BD2B /* PokemonInfoEntity.swift in Sources */ = {isa = PBXBuildFile; fileRef = D2D75AB92A5D970E00E3BD2B /* PokemonInfoEntity.swift */; };
		D2D75ABF2A5D9AB400E3BD2B /* GetPokemonInfoUseCase.swift in Sources */ = {isa = PBXBuildFile; fileRef = D2D75ABE2A5D9AB400E3BD2B /* GetPokemonInfoUseCase.swift */; };
		D2E273722A5C486D00AE5E8D /* AppDelegate.swift in Sources */ = {isa = PBXBuildFile; fileRef = D2E273712A5C486D00AE5E8D /* AppDelegate.swift */; };
		D2E273742A5C486D00AE5E8D /* SceneDelegate.swift in Sources */ = {isa = PBXBuildFile; fileRef = D2E273732A5C486D00AE5E8D /* SceneDelegate.swift */; };
		D2E2737B2A5C486E00AE5E8D /* Assets.xcassets in Resources */ = {isa = PBXBuildFile; fileRef = D2E2737A2A5C486E00AE5E8D /* Assets.xcassets */; };
		D2E2737E2A5C486E00AE5E8D /* LaunchScreen.storyboard in Resources */ = {isa = PBXBuildFile; fileRef = D2E2737C2A5C486E00AE5E8D /* LaunchScreen.storyboard */; };
		D2EC56FA2A5D7E520074B619 /* RootViewController+View.swift in Sources */ = {isa = PBXBuildFile; fileRef = D2EC56F92A5D7E520074B619 /* RootViewController+View.swift */; };
/* End PBXBuildFile section */

/* Begin PBXFileReference section */
		D2374F6A2A62DE2A00641FBE /* UIColor+Util.swift */ = {isa = PBXFileReference; lastKnownFileType = sourcecode.swift; path = "UIColor+Util.swift"; sourceTree = "<group>"; };
		D23826432A5ECB1C0021F142 /* HomeViewController+PokemonList.swift */ = {isa = PBXFileReference; lastKnownFileType = sourcecode.swift; path = "HomeViewController+PokemonList.swift"; sourceTree = "<group>"; };
		D23826452A5ECD410021F142 /* HomeViewController+PokemonCell.swift */ = {isa = PBXFileReference; lastKnownFileType = sourcecode.swift; path = "HomeViewController+PokemonCell.swift"; sourceTree = "<group>"; };
		D23826482A5ECF080021F142 /* PokemonView.swift */ = {isa = PBXFileReference; lastKnownFileType = sourcecode.swift; path = PokemonView.swift; sourceTree = "<group>"; };
		D25CFF782A5C4DF9003DDB39 /* RootViewController.swift */ = {isa = PBXFileReference; lastKnownFileType = sourcecode.swift; path = RootViewController.swift; sourceTree = "<group>"; };
		D25CFF7B2A5C4FEE003DDB39 /* HomeViewController.swift */ = {isa = PBXFileReference; lastKnownFileType = sourcecode.swift; path = HomeViewController.swift; sourceTree = "<group>"; };
		D26F113D2A62774F003A1226 /* PokemonDetailEntity.swift */ = {isa = PBXFileReference; lastKnownFileType = sourcecode.swift; path = PokemonDetailEntity.swift; sourceTree = "<group>"; };
		D26F113F2A627787003A1226 /* SpritesEntity.swift */ = {isa = PBXFileReference; lastKnownFileType = sourcecode.swift; path = SpritesEntity.swift; sourceTree = "<group>"; };
		D26F11412A6277F3003A1226 /* OtherEntity.swift */ = {isa = PBXFileReference; lastKnownFileType = sourcecode.swift; path = OtherEntity.swift; sourceTree = "<group>"; };
		D26F11432A627815003A1226 /* OfficialArtworkEntity.swift */ = {isa = PBXFileReference; lastKnownFileType = sourcecode.swift; path = OfficialArtworkEntity.swift; sourceTree = "<group>"; };
		D26F11462A627C24003A1226 /* String+Util.swift */ = {isa = PBXFileReference; lastKnownFileType = sourcecode.swift; path = "String+Util.swift"; sourceTree = "<group>"; };
		D2D082BC2A63B74600811D27 /* Constant.swift */ = {isa = PBXFileReference; lastKnownFileType = sourcecode.swift; path = Constant.swift; sourceTree = "<group>"; };
		D2D082C02A63BABF00811D27 /* DetailViewController.swift */ = {isa = PBXFileReference; lastKnownFileType = sourcecode.swift; path = DetailViewController.swift; sourceTree = "<group>"; };
		D2D75AAF2A5D93EB00E3BD2B /* PokemonModel.swift */ = {isa = PBXFileReference; lastKnownFileType = sourcecode.swift; path = PokemonModel.swift; sourceTree = "<group>"; };
		D2D75AB22A5D949C00E3BD2B /* PokemonEntity.swift */ = {isa = PBXFileReference; lastKnownFileType = sourcecode.swift; path = PokemonEntity.swift; sourceTree = "<group>"; };
		D2D75AB42A5D94C500E3BD2B /* PokemonRepository.swift */ = {isa = PBXFileReference; lastKnownFileType = sourcecode.swift; path = PokemonRepository.swift; sourceTree = "<group>"; };
		D2D75AB72A5D95B300E3BD2B /* PokemonApi.swift */ = {isa = PBXFileReference; lastKnownFileType = sourcecode.swift; path = PokemonApi.swift; sourceTree = "<group>"; };
		D2D75AB92A5D970E00E3BD2B /* PokemonInfoEntity.swift */ = {isa = PBXFileReference; lastKnownFileType = sourcecode.swift; path = PokemonInfoEntity.swift; sourceTree = "<group>"; };
		D2D75ABE2A5D9AB400E3BD2B /* GetPokemonInfoUseCase.swift */ = {isa = PBXFileReference; lastKnownFileType = sourcecode.swift; path = GetPokemonInfoUseCase.swift; sourceTree = "<group>"; };
		D2E2736E2A5C486D00AE5E8D /* PokemonIOSApp.app */ = {isa = PBXFileReference; explicitFileType = wrapper.application; includeInIndex = 0; path = PokemonIOSApp.app; sourceTree = BUILT_PRODUCTS_DIR; };
		D2E273712A5C486D00AE5E8D /* AppDelegate.swift */ = {isa = PBXFileReference; lastKnownFileType = sourcecode.swift; path = AppDelegate.swift; sourceTree = "<group>"; };
		D2E273732A5C486D00AE5E8D /* SceneDelegate.swift */ = {isa = PBXFileReference; lastKnownFileType = sourcecode.swift; path = SceneDelegate.swift; sourceTree = "<group>"; };
		D2E2737A2A5C486E00AE5E8D /* Assets.xcassets */ = {isa = PBXFileReference; lastKnownFileType = folder.assetcatalog; path = Assets.xcassets; sourceTree = "<group>"; };
		D2E2737D2A5C486E00AE5E8D /* Base */ = {isa = PBXFileReference; lastKnownFileType = file.storyboard; name = Base; path = Base.lproj/LaunchScreen.storyboard; sourceTree = "<group>"; };
		D2E2737F2A5C486E00AE5E8D /* Info.plist */ = {isa = PBXFileReference; lastKnownFileType = text.plist.xml; path = Info.plist; sourceTree = "<group>"; };
		D2EC56F92A5D7E520074B619 /* RootViewController+View.swift */ = {isa = PBXFileReference; lastKnownFileType = sourcecode.swift; path = "RootViewController+View.swift"; sourceTree = "<group>"; };
/* End PBXFileReference section */

/* Begin PBXFrameworksBuildPhase section */
		D2E2736B2A5C486D00AE5E8D /* Frameworks */ = {
			isa = PBXFrameworksBuildPhase;
			buildActionMask = 2147483647;
			files = (
				D2374F6E2A62DE6C00641FBE /* UIColorHexSwift in Frameworks */,
				D26F113C2A6262DF003A1226 /* Nuke in Frameworks */,
			);
			runOnlyForDeploymentPostprocessing = 0;
		};
/* End PBXFrameworksBuildPhase section */

/* Begin PBXGroup section */
		D23826472A5ECEF30021F142 /* View */ = {
			isa = PBXGroup;
			children = (
				D23826482A5ECF080021F142 /* PokemonView.swift */,
			);
			path = View;
			sourceTree = "<group>";
		};
		D25CFF7A2A5C4FCC003DDB39 /* ViewController */ = {
			isa = PBXGroup;
			children = (
				D2D082BE2A63BAAA00811D27 /* Detail */,
				D25CFF852A5C549E003DDB39 /* Root */,
				D25CFF832A5C548E003DDB39 /* Home */,
			);
			path = ViewController;
			sourceTree = "<group>";
		};
		D25CFF7D2A5C500E003DDB39 /* Utility */ = {
			isa = PBXGroup;
			children = (
				D26F11452A627BC3003A1226 /* Extenstion */,
				D2D082BC2A63B74600811D27 /* Constant.swift */,
			);
			path = Utility;
			sourceTree = "<group>";
		};
		D25CFF7E2A5C5020003DDB39 /* Model */ = {
			isa = PBXGroup;
			children = (
				D2D75AAF2A5D93EB00E3BD2B /* PokemonModel.swift */,
			);
			path = Model;
			sourceTree = "<group>";
		};
		D25CFF802A5C52E2003DDB39 /* Resource */ = {
			isa = PBXGroup;
			children = (
				D2E2737A2A5C486E00AE5E8D /* Assets.xcassets */,
			);
			path = Resource;
			sourceTree = "<group>";
		};
		D25CFF832A5C548E003DDB39 /* Home */ = {
			isa = PBXGroup;
			children = (
				D25CFF7B2A5C4FEE003DDB39 /* HomeViewController.swift */,
				D23826432A5ECB1C0021F142 /* HomeViewController+PokemonList.swift */,
				D23826452A5ECD410021F142 /* HomeViewController+PokemonCell.swift */,
			);
			path = Home;
			sourceTree = "<group>";
		};
		D25CFF852A5C549E003DDB39 /* Root */ = {
			isa = PBXGroup;
			children = (
				D25CFF782A5C4DF9003DDB39 /* RootViewController.swift */,
				D2EC56F92A5D7E520074B619 /* RootViewController+View.swift */,
			);
			path = Root;
			sourceTree = "<group>";
		};
		D26F11452A627BC3003A1226 /* Extenstion */ = {
			isa = PBXGroup;
			children = (
				D2374F6A2A62DE2A00641FBE /* UIColor+Util.swift */,
				D26F11462A627C24003A1226 /* String+Util.swift */,
			);
			path = Extenstion;
			sourceTree = "<group>";
		};
		D2D082BE2A63BAAA00811D27 /* Detail */ = {
			isa = PBXGroup;
			children = (
				D2D082C02A63BABF00811D27 /* DetailViewController.swift */,
			);
			path = Detail;
			sourceTree = "<group>";
		};
		D2D75AAB2A5D93A800E3BD2B /* Data */ = {
			isa = PBXGroup;
			children = (
				D2D75AB12A5D948B00E3BD2B /* Entity */,
				D2D75AAD2A5D93B400E3BD2B /* API */,
				D2D75AAC2A5D93AF00E3BD2B /* Repository */,
			);
			path = Data;
			sourceTree = "<group>";
		};
		D2D75AAC2A5D93AF00E3BD2B /* Repository */ = {
			isa = PBXGroup;
			children = (
				D2D75AB42A5D94C500E3BD2B /* PokemonRepository.swift */,
			);
			path = Repository;
			sourceTree = "<group>";
		};
		D2D75AAD2A5D93B400E3BD2B /* API */ = {
			isa = PBXGroup;
			children = (
				D2D75AB72A5D95B300E3BD2B /* PokemonApi.swift */,
			);
			path = API;
			sourceTree = "<group>";
		};
		D2D75AB12A5D948B00E3BD2B /* Entity */ = {
			isa = PBXGroup;
			children = (
				D2D75AB22A5D949C00E3BD2B /* PokemonEntity.swift */,
				D26F113D2A62774F003A1226 /* PokemonDetailEntity.swift */,
				D26F11432A627815003A1226 /* OfficialArtworkEntity.swift */,
				D26F113F2A627787003A1226 /* SpritesEntity.swift */,
				D26F11412A6277F3003A1226 /* OtherEntity.swift */,
				D2D75AB92A5D970E00E3BD2B /* PokemonInfoEntity.swift */,
			);
			path = Entity;
			sourceTree = "<group>";
		};
		D2D75AB62A5D957200E3BD2B /* UseCase */ = {
			isa = PBXGroup;
			children = (
				D2D75ABE2A5D9AB400E3BD2B /* GetPokemonInfoUseCase.swift */,
			);
			path = UseCase;
			sourceTree = "<group>";
		};
		D2E273652A5C486D00AE5E8D = {
			isa = PBXGroup;
			children = (
				D2E273702A5C486D00AE5E8D /* PokemonIOSApp */,
				D2E2736F2A5C486D00AE5E8D /* Products */,
			);
			sourceTree = "<group>";
		};
		D2E2736F2A5C486D00AE5E8D /* Products */ = {
			isa = PBXGroup;
			children = (
				D2E2736E2A5C486D00AE5E8D /* PokemonIOSApp.app */,
			);
			name = Products;
			sourceTree = "<group>";
		};
		D2E273702A5C486D00AE5E8D /* PokemonIOSApp */ = {
			isa = PBXGroup;
			children = (
				D23826472A5ECEF30021F142 /* View */,
				D2D75AB62A5D957200E3BD2B /* UseCase */,
				D2D75AAB2A5D93A800E3BD2B /* Data */,
				D2E273712A5C486D00AE5E8D /* AppDelegate.swift */,
				D25CFF802A5C52E2003DDB39 /* Resource */,
				D25CFF7E2A5C5020003DDB39 /* Model */,
				D25CFF7D2A5C500E003DDB39 /* Utility */,
				D25CFF7A2A5C4FCC003DDB39 /* ViewController */,
				D2E273732A5C486D00AE5E8D /* SceneDelegate.swift */,
				D2E2737C2A5C486E00AE5E8D /* LaunchScreen.storyboard */,
				D2E2737F2A5C486E00AE5E8D /* Info.plist */,
			);
			path = PokemonIOSApp;
			sourceTree = "<group>";
		};
/* End PBXGroup section */

/* Begin PBXNativeTarget section */
		D2E2736D2A5C486D00AE5E8D /* PokemonIOSApp */ = {
			isa = PBXNativeTarget;
			buildConfigurationList = D2E273822A5C486E00AE5E8D /* Build configuration list for PBXNativeTarget "PokemonIOSApp" */;
			buildPhases = (
				D2E2736A2A5C486D00AE5E8D /* Sources */,
				D2E2736B2A5C486D00AE5E8D /* Frameworks */,
				D2E2736C2A5C486D00AE5E8D /* Resources */,
			);
			buildRules = (
			);
			dependencies = (
			);
			name = PokemonIOSApp;
			packageProductDependencies = (
				D26F113B2A6262DF003A1226 /* Nuke */,
				D2374F6D2A62DE6C00641FBE /* UIColorHexSwift */,
			);
			productName = PokemonIOSApp;
			productReference = D2E2736E2A5C486D00AE5E8D /* PokemonIOSApp.app */;
			productType = "com.apple.product-type.application";
		};
/* End PBXNativeTarget section */

/* Begin PBXProject section */
		D2E273662A5C486D00AE5E8D /* Project object */ = {
			isa = PBXProject;
			attributes = {
				BuildIndependentTargetsInParallel = 1;
				LastSwiftUpdateCheck = 1410;
				LastUpgradeCheck = 1410;
				TargetAttributes = {
					D2E2736D2A5C486D00AE5E8D = {
						CreatedOnToolsVersion = 14.1;
					};
				};
			};
			buildConfigurationList = D2E273692A5C486D00AE5E8D /* Build configuration list for PBXProject "PokemonIOSApp" */;
			compatibilityVersion = "Xcode 14.0";
			developmentRegion = en;
			hasScannedForEncodings = 0;
			knownRegions = (
				en,
				Base,
			);
			mainGroup = D2E273652A5C486D00AE5E8D;
			packageReferences = (
				D26F113A2A6262DF003A1226 /* XCRemoteSwiftPackageReference "Nuke" */,
				D2374F6C2A62DE6C00641FBE /* XCRemoteSwiftPackageReference "UIColor-Hex-Swift" */,
			);
			productRefGroup = D2E2736F2A5C486D00AE5E8D /* Products */;
			projectDirPath = "";
			projectRoot = "";
			targets = (
				D2E2736D2A5C486D00AE5E8D /* PokemonIOSApp */,
			);
		};
/* End PBXProject section */

/* Begin PBXResourcesBuildPhase section */
		D2E2736C2A5C486D00AE5E8D /* Resources */ = {
			isa = PBXResourcesBuildPhase;
			buildActionMask = 2147483647;
			files = (
				D2E2737E2A5C486E00AE5E8D /* LaunchScreen.storyboard in Resources */,
				D2E2737B2A5C486E00AE5E8D /* Assets.xcassets in Resources */,
			);
			runOnlyForDeploymentPostprocessing = 0;
		};
/* End PBXResourcesBuildPhase section */

/* Begin PBXSourcesBuildPhase section */
		D2E2736A2A5C486D00AE5E8D /* Sources */ = {
			isa = PBXSourcesBuildPhase;
			buildActionMask = 2147483647;
			files = (
				D26F11442A627815003A1226 /* OfficialArtworkEntity.swift in Sources */,
				D2E273722A5C486D00AE5E8D /* AppDelegate.swift in Sources */,
				D2D75AB02A5D93EB00E3BD2B /* PokemonModel.swift in Sources */,
				D25CFF792A5C4DF9003DDB39 /* RootViewController.swift in Sources */,
				D23826442A5ECB1C0021F142 /* HomeViewController+PokemonList.swift in Sources */,
				D23826492A5ECF080021F142 /* PokemonView.swift in Sources */,
				D26F11472A627C24003A1226 /* String+Util.swift in Sources */,
				D26F11402A627787003A1226 /* SpritesEntity.swift in Sources */,
				D2D75ABF2A5D9AB400E3BD2B /* GetPokemonInfoUseCase.swift in Sources */,
				D2D75AB52A5D94C500E3BD2B /* PokemonRepository.swift in Sources */,
				D2D75AB32A5D949C00E3BD2B /* PokemonEntity.swift in Sources */,
				D2D082C12A63BABF00811D27 /* DetailViewController.swift in Sources */,
				D2374F6B2A62DE2A00641FBE /* UIColor+Util.swift in Sources */,
				D23826462A5ECD410021F142 /* HomeViewController+PokemonCell.swift in Sources */,
				D26F11422A6277F3003A1226 /* OtherEntity.swift in Sources */,
				D2E273742A5C486D00AE5E8D /* SceneDelegate.swift in Sources */,
				D2D75ABA2A5D970E00E3BD2B /* PokemonInfoEntity.swift in Sources */,
				D2D75AB82A5D95B300E3BD2B /* PokemonApi.swift in Sources */,
				D2EC56FA2A5D7E520074B619 /* RootViewController+View.swift in Sources */,
				D2D082BD2A63B74600811D27 /* Constant.swift in Sources */,
				D26F113E2A627750003A1226 /* PokemonDetailEntity.swift in Sources */,
				D25CFF7C2A5C4FEE003DDB39 /* HomeViewController.swift in Sources */,
			);
			runOnlyForDeploymentPostprocessing = 0;
		};
/* End PBXSourcesBuildPhase section */

/* Begin PBXVariantGroup section */
		D2E2737C2A5C486E00AE5E8D /* LaunchScreen.storyboard */ = {
			isa = PBXVariantGroup;
			children = (
				D2E2737D2A5C486E00AE5E8D /* Base */,
			);
			name = LaunchScreen.storyboard;
			sourceTree = "<group>";
		};
/* End PBXVariantGroup section */

/* Begin XCBuildConfiguration section */
		D2E273802A5C486E00AE5E8D /* Debug */ = {
			isa = XCBuildConfiguration;
			buildSettings = {
				ALWAYS_SEARCH_USER_PATHS = NO;
				CLANG_ANALYZER_NONNULL = YES;
				CLANG_ANALYZER_NUMBER_OBJECT_CONVERSION = YES_AGGRESSIVE;
				CLANG_CXX_LANGUAGE_STANDARD = "gnu++20";
				CLANG_ENABLE_MODULES = YES;
				CLANG_ENABLE_OBJC_ARC = YES;
				CLANG_ENABLE_OBJC_WEAK = YES;
				CLANG_WARN_BLOCK_CAPTURE_AUTORELEASING = YES;
				CLANG_WARN_BOOL_CONVERSION = YES;
				CLANG_WARN_COMMA = YES;
				CLANG_WARN_CONSTANT_CONVERSION = YES;
				CLANG_WARN_DEPRECATED_OBJC_IMPLEMENTATIONS = YES;
				CLANG_WARN_DIRECT_OBJC_ISA_USAGE = YES_ERROR;
				CLANG_WARN_DOCUMENTATION_COMMENTS = YES;
				CLANG_WARN_EMPTY_BODY = YES;
				CLANG_WARN_ENUM_CONVERSION = YES;
				CLANG_WARN_INFINITE_RECURSION = YES;
				CLANG_WARN_INT_CONVERSION = YES;
				CLANG_WARN_NON_LITERAL_NULL_CONVERSION = YES;
				CLANG_WARN_OBJC_IMPLICIT_RETAIN_SELF = YES;
				CLANG_WARN_OBJC_LITERAL_CONVERSION = YES;
				CLANG_WARN_OBJC_ROOT_CLASS = YES_ERROR;
				CLANG_WARN_QUOTED_INCLUDE_IN_FRAMEWORK_HEADER = YES;
				CLANG_WARN_RANGE_LOOP_ANALYSIS = YES;
				CLANG_WARN_STRICT_PROTOTYPES = YES;
				CLANG_WARN_SUSPICIOUS_MOVE = YES;
				CLANG_WARN_UNGUARDED_AVAILABILITY = YES_AGGRESSIVE;
				CLANG_WARN_UNREACHABLE_CODE = YES;
				CLANG_WARN__DUPLICATE_METHOD_MATCH = YES;
				COPY_PHASE_STRIP = NO;
				DEBUG_INFORMATION_FORMAT = dwarf;
				ENABLE_STRICT_OBJC_MSGSEND = YES;
				ENABLE_TESTABILITY = YES;
				GCC_C_LANGUAGE_STANDARD = gnu11;
				GCC_DYNAMIC_NO_PIC = NO;
				GCC_NO_COMMON_BLOCKS = YES;
				GCC_OPTIMIZATION_LEVEL = 0;
				GCC_PREPROCESSOR_DEFINITIONS = (
					"DEBUG=1",
					"$(inherited)",
				);
				GCC_WARN_64_TO_32_BIT_CONVERSION = YES;
				GCC_WARN_ABOUT_RETURN_TYPE = YES_ERROR;
				GCC_WARN_UNDECLARED_SELECTOR = YES;
				GCC_WARN_UNINITIALIZED_AUTOS = YES_AGGRESSIVE;
				GCC_WARN_UNUSED_FUNCTION = YES;
				GCC_WARN_UNUSED_VARIABLE = YES;
				IPHONEOS_DEPLOYMENT_TARGET = 14.0;
				MTL_ENABLE_DEBUG_INFO = INCLUDE_SOURCE;
				MTL_FAST_MATH = YES;
				ONLY_ACTIVE_ARCH = YES;
				SDKROOT = iphoneos;
				SWIFT_ACTIVE_COMPILATION_CONDITIONS = DEBUG;
				SWIFT_OPTIMIZATION_LEVEL = "-Onone";
			};
			name = Debug;
		};
		D2E273812A5C486E00AE5E8D /* Release */ = {
			isa = XCBuildConfiguration;
			buildSettings = {
				ALWAYS_SEARCH_USER_PATHS = NO;
				CLANG_ANALYZER_NONNULL = YES;
				CLANG_ANALYZER_NUMBER_OBJECT_CONVERSION = YES_AGGRESSIVE;
				CLANG_CXX_LANGUAGE_STANDARD = "gnu++20";
				CLANG_ENABLE_MODULES = YES;
				CLANG_ENABLE_OBJC_ARC = YES;
				CLANG_ENABLE_OBJC_WEAK = YES;
				CLANG_WARN_BLOCK_CAPTURE_AUTORELEASING = YES;
				CLANG_WARN_BOOL_CONVERSION = YES;
				CLANG_WARN_COMMA = YES;
				CLANG_WARN_CONSTANT_CONVERSION = YES;
				CLANG_WARN_DEPRECATED_OBJC_IMPLEMENTATIONS = YES;
				CLANG_WARN_DIRECT_OBJC_ISA_USAGE = YES_ERROR;
				CLANG_WARN_DOCUMENTATION_COMMENTS = YES;
				CLANG_WARN_EMPTY_BODY = YES;
				CLANG_WARN_ENUM_CONVERSION = YES;
				CLANG_WARN_INFINITE_RECURSION = YES;
				CLANG_WARN_INT_CONVERSION = YES;
				CLANG_WARN_NON_LITERAL_NULL_CONVERSION = YES;
				CLANG_WARN_OBJC_IMPLICIT_RETAIN_SELF = YES;
				CLANG_WARN_OBJC_LITERAL_CONVERSION = YES;
				CLANG_WARN_OBJC_ROOT_CLASS = YES_ERROR;
				CLANG_WARN_QUOTED_INCLUDE_IN_FRAMEWORK_HEADER = YES;
				CLANG_WARN_RANGE_LOOP_ANALYSIS = YES;
				CLANG_WARN_STRICT_PROTOTYPES = YES;
				CLANG_WARN_SUSPICIOUS_MOVE = YES;
				CLANG_WARN_UNGUARDED_AVAILABILITY = YES_AGGRESSIVE;
				CLANG_WARN_UNREACHABLE_CODE = YES;
				CLANG_WARN__DUPLICATE_METHOD_MATCH = YES;
				COPY_PHASE_STRIP = NO;
				DEBUG_INFORMATION_FORMAT = "dwarf-with-dsym";
				ENABLE_NS_ASSERTIONS = NO;
				ENABLE_STRICT_OBJC_MSGSEND = YES;
				GCC_C_LANGUAGE_STANDARD = gnu11;
				GCC_NO_COMMON_BLOCKS = YES;
				GCC_WARN_64_TO_32_BIT_CONVERSION = YES;
				GCC_WARN_ABOUT_RETURN_TYPE = YES_ERROR;
				GCC_WARN_UNDECLARED_SELECTOR = YES;
				GCC_WARN_UNINITIALIZED_AUTOS = YES_AGGRESSIVE;
				GCC_WARN_UNUSED_FUNCTION = YES;
				GCC_WARN_UNUSED_VARIABLE = YES;
				IPHONEOS_DEPLOYMENT_TARGET = 14.0;
				MTL_ENABLE_DEBUG_INFO = NO;
				MTL_FAST_MATH = YES;
				SDKROOT = iphoneos;
				SWIFT_COMPILATION_MODE = wholemodule;
				SWIFT_OPTIMIZATION_LEVEL = "-O";
				VALIDATE_PRODUCT = YES;
			};
			name = Release;
		};
		D2E273832A5C486E00AE5E8D /* Debug */ = {
			isa = XCBuildConfiguration;
			buildSettings = {
				ASSETCATALOG_COMPILER_APPICON_NAME = AppIcon;
				ASSETCATALOG_COMPILER_GLOBAL_ACCENT_COLOR_NAME = AccentColor;
				CODE_SIGN_STYLE = Automatic;
				CURRENT_PROJECT_VERSION = 1;
				DEVELOPMENT_TEAM = MPGB3F283Q;
				GENERATE_INFOPLIST_FILE = YES;
				INFOPLIST_FILE = PokemonIOSApp/Info.plist;
				INFOPLIST_KEY_UIApplicationSupportsIndirectInputEvents = YES;
				INFOPLIST_KEY_UILaunchStoryboardName = LaunchScreen;
				INFOPLIST_KEY_UIMainStoryboardFile = "";
				INFOPLIST_KEY_UISupportedInterfaceOrientations_iPad = "UIInterfaceOrientationPortrait UIInterfaceOrientationPortraitUpsideDown UIInterfaceOrientationLandscapeLeft UIInterfaceOrientationLandscapeRight";
				INFOPLIST_KEY_UISupportedInterfaceOrientations_iPhone = "UIInterfaceOrientationPortrait UIInterfaceOrientationLandscapeLeft UIInterfaceOrientationLandscapeRight";
				IPHONEOS_DEPLOYMENT_TARGET = 14.0;
				LD_RUNPATH_SEARCH_PATHS = (
					"$(inherited)",
					"@executable_path/Frameworks",
				);
				MARKETING_VERSION = 1.0;
				PRODUCT_BUNDLE_IDENTIFIER = jp.matsuura.PokemonIOSApp;
				PRODUCT_NAME = "$(TARGET_NAME)";
				SWIFT_EMIT_LOC_STRINGS = YES;
				SWIFT_VERSION = 5.0;
				TARGETED_DEVICE_FAMILY = "1,2";
			};
			name = Debug;
		};
		D2E273842A5C486E00AE5E8D /* Release */ = {
			isa = XCBuildConfiguration;
			buildSettings = {
				ASSETCATALOG_COMPILER_APPICON_NAME = AppIcon;
				ASSETCATALOG_COMPILER_GLOBAL_ACCENT_COLOR_NAME = AccentColor;
				CODE_SIGN_STYLE = Automatic;
				CURRENT_PROJECT_VERSION = 1;
				DEVELOPMENT_TEAM = MPGB3F283Q;
				GENERATE_INFOPLIST_FILE = YES;
				INFOPLIST_FILE = PokemonIOSApp/Info.plist;
				INFOPLIST_KEY_UIApplicationSupportsIndirectInputEvents = YES;
				INFOPLIST_KEY_UILaunchStoryboardName = LaunchScreen;
				INFOPLIST_KEY_UIMainStoryboardFile = "";
				INFOPLIST_KEY_UISupportedInterfaceOrientations_iPad = "UIInterfaceOrientationPortrait UIInterfaceOrientationPortraitUpsideDown UIInterfaceOrientationLandscapeLeft UIInterfaceOrientationLandscapeRight";
				INFOPLIST_KEY_UISupportedInterfaceOrientations_iPhone = "UIInterfaceOrientationPortrait UIInterfaceOrientationLandscapeLeft UIInterfaceOrientationLandscapeRight";
				IPHONEOS_DEPLOYMENT_TARGET = 14.0;
				LD_RUNPATH_SEARCH_PATHS = (
					"$(inherited)",
					"@executable_path/Frameworks",
				);
				MARKETING_VERSION = 1.0;
				PRODUCT_BUNDLE_IDENTIFIER = jp.matsuura.PokemonIOSApp;
				PRODUCT_NAME = "$(TARGET_NAME)";
				SWIFT_EMIT_LOC_STRINGS = YES;
				SWIFT_VERSION = 5.0;
				TARGETED_DEVICE_FAMILY = "1,2";
			};
			name = Release;
		};
/* End XCBuildConfiguration section */

/* Begin XCConfigurationList section */
		D2E273692A5C486D00AE5E8D /* Build configuration list for PBXProject "PokemonIOSApp" */ = {
			isa = XCConfigurationList;
			buildConfigurations = (
				D2E273802A5C486E00AE5E8D /* Debug */,
				D2E273812A5C486E00AE5E8D /* Release */,
			);
			defaultConfigurationIsVisible = 0;
			defaultConfigurationName = Release;
		};
		D2E273822A5C486E00AE5E8D /* Build configuration list for PBXNativeTarget "PokemonIOSApp" */ = {
			isa = XCConfigurationList;
			buildConfigurations = (
				D2E273832A5C486E00AE5E8D /* Debug */,
				D2E273842A5C486E00AE5E8D /* Release */,
			);
			defaultConfigurationIsVisible = 0;
			defaultConfigurationName = Release;
		};
/* End XCConfigurationList section */

/* Begin XCRemoteSwiftPackageReference section */
		D2374F6C2A62DE6C00641FBE /* XCRemoteSwiftPackageReference "UIColor-Hex-Swift" */ = {
			isa = XCRemoteSwiftPackageReference;
			repositoryURL = "https://github.com/yeahdongcn/UIColor-Hex-Swift.git";
			requirement = {
				kind = upToNextMajorVersion;
				minimumVersion = 5.0.0;
			};
		};
		D26F113A2A6262DF003A1226 /* XCRemoteSwiftPackageReference "Nuke" */ = {
			isa = XCRemoteSwiftPackageReference;
			repositoryURL = "https://github.com/kean/Nuke.git";
			requirement = {
				kind = upToNextMajorVersion;
				minimumVersion = 9.0.0;
			};
		};
/* End XCRemoteSwiftPackageReference section */

/* Begin XCSwiftPackageProductDependency section */
		D2374F6D2A62DE6C00641FBE /* UIColorHexSwift */ = {
			isa = XCSwiftPackageProductDependency;
			package = D2374F6C2A62DE6C00641FBE /* XCRemoteSwiftPackageReference "UIColor-Hex-Swift" */;
			productName = UIColorHexSwift;
		};
		D26F113B2A6262DF003A1226 /* Nuke */ = {
			isa = XCSwiftPackageProductDependency;
			package = D26F113A2A6262DF003A1226 /* XCRemoteSwiftPackageReference "Nuke" */;
			productName = Nuke;
		};
/* End XCSwiftPackageProductDependency section */
	};
	rootObject = D2E273662A5C486D00AE5E8D /* Project object */;
}
